
Microsoft Visual Studio Solution File, Format Version 12.00
# Visual Studio 2013
VisualStudioVersion = 12.0.31101.0
MinimumVisualStudioVersion = 10.0.40219.1
Project("{FAE04EC0-301F-11D3-BF4B-00C04F79EFBC}") = "DinnerPartyRoa", "DinnerPartyRoa\DinnerPartyRoa.csproj", "{1D97DF8C-60A9-4C38-8CFD-5B496C07F8B1}"
EndProject
Project("{FAE04EC0-301F-11D3-BF4B-00C04F79EFBC}") = "UnitTestProject", "UnitTestProject\UnitTestProject.csproj", "{AF5F5AC3-B269-4F08-951F-43AE0745436B}"
EndProject
Global
	GlobalSection(SolutionConfigurationPlatforms) = preSolution
		Debug|Any CPU = Debug|Any CPU
		Release|Any CPU = Release|Any CPU
	EndGlobalSection
	GlobalSection(ProjectConfigurationPlatforms) = postSolution
		{1D97DF8C-60A9-4C38-8CFD-5B496C07F8B1}.Debug|Any CPU.ActiveCfg = Debug|Any CPU
		{1D97DF8C-60A9-4C38-8CFD-5B496C07F8B1}.Debug|Any CPU.Build.0 = Debug|Any CPU
		{1D97DF8C-60A9-4C38-8CFD-5B496C07F8B1}.Release|Any CPU.ActiveCfg = Release|Any CPU
		{1D97DF8C-60A9-4C38-8CFD-5B496C07F8B1}.Release|Any CPU.Build.0 = Release|Any CPU
		{AF5F5AC3-B269-4F08-951F-43AE0745436B}.Debug|Any CPU.ActiveCfg = Debug|Any CPU
		{AF5F5AC3-B269-4F08-951F-43AE0745436B}.Debug|Any CPU.Build.0 = Debug|Any CPU
		{AF5F5AC3-B269-4F08-951F-43AE0745436B}.Release|Any CPU.ActiveCfg = Release|Any CPU
		{AF5F5AC3-B269-4F08-951F-43AE0745436B}.Release|Any CPU.Build.0 = Release|Any CPU
	EndGlobalSection
	GlobalSection(SolutionProperties) = preSolution
		HideSolutionNode = FALSE
	EndGlobalSection
EndGlobal
